
Microsoft Visual Studio Solution File, Format Version 12.00
# Visual Studio Version 17
VisualStudioVersion = 17.3.32811.315
MinimumVisualStudioVersion = 10.0.40219.1
Project("{FAE04EC0-301F-11D3-BF4B-00C04F79EFBC}") = "OTP_Feladatok", "OTP_Feladatok.csproj", "{468388E3-1F88-4E21-8CFF-70D3E3797D1C}"
EndProject
Global
	GlobalSection(SolutionConfigurationPlatforms) = preSolution
		Debug|Any CPU = Debug|Any CPU
		Release|Any CPU = Release|Any CPU
	EndGlobalSection
	GlobalSection(ProjectConfigurationPlatforms) = postSolution
		{468388E3-1F88-4E21-8CFF-70D3E3797D1C}.Debug|Any CPU.ActiveCfg = Debug|Any CPU
		{468388E3-1F88-4E21-8CFF-70D3E3797D1C}.Debug|Any CPU.Build.0 = Debug|Any CPU
		{468388E3-1F88-4E21-8CFF-70D3E3797D1C}.Release|Any CPU.ActiveCfg = Release|Any CPU
		{468388E3-1F88-4E21-8CFF-70D3E3797D1C}.Release|Any CPU.Build.0 = Release|Any CPU
	EndGlobalSection
	GlobalSection(SolutionProperties) = preSolution
		HideSolutionNode = FALSE
	EndGlobalSection
	GlobalSection(ExtensibilityGlobals) = postSolution
		SolutionGuid = {D3E92E90-A530-4654-A203-34AD785C83B1}
	EndGlobalSection
EndGlobal
